
Microsoft Visual Studio Solution File, Format Version 12.00
# Visual Studio Version 16
VisualStudioVersion = 16.0.31005.135
MinimumVisualStudioVersion = 10.0.40219.1
Project("{2150E333-8FDC-42A3-9474-1A3956D46DE8}") = "Web", "Web", "{BEBBAF43-0C5A-4647-8631-D06C0586AD47}"
EndProject
Project("{2150E333-8FDC-42A3-9474-1A3956D46DE8}") = "Solution Items", "Solution Items", "{9DA32FE7-C095-47A3-A469-D95B35627658}"
EndProject
Project("{9A19103F-16F7-4668-BE54-9A1E7A4F7556}") = "TSolve.Core", "Web\TSolve.Core\TSolve.Core.csproj", "{874D2F3F-7A71-439B-BD6D-484D9DF0C913}"
EndProject
Project("{9A19103F-16F7-4668-BE54-9A1E7A4F7556}") = "TSolve.Data", "Web\TSolve.Data\TSolve.Data.csproj", "{0EAADE5F-76D1-46C9-8F42-917137369E15}"
EndProject
Project("{9A19103F-16F7-4668-BE54-9A1E7A4F7556}") = "TSolve.Ioc", "Web\TSolve.Ioc1\TSolve.Ioc.csproj", "{EF59B46A-624E-41CE-BB1E-125CC1ED25B4}"
EndProject
Project("{9A19103F-16F7-4668-BE54-9A1E7A4F7556}") = "TSolve.Repo", "Web\TSolve.Repo\TSolve.Repo.csproj", "{27273B05-64D3-45B0-A3A6-7EC06937AD0E}"
EndProject
Project("{9A19103F-16F7-4668-BE54-9A1E7A4F7556}") = "TSolve.Service", "Web\TSolve.Service\TSolve.Service.csproj", "{FD1F9A6E-84C4-4391-B6B5-2CDB338CF054}"
EndProject
Project("{9A19103F-16F7-4668-BE54-9A1E7A4F7556}") = "TSolve.Web", "Web\TSolve.Web\TSolve.Web.csproj", "{F673975B-C9DE-43F2-9EB5-3C512B157D7D}"
EndProject
Project("{9A19103F-16F7-4668-BE54-9A1E7A4F7556}") = "TSolve.Model", "Web\TSolve.Model\TSolve.Model.csproj", "{3CFBC064-D07E-490A-85E5-CA1AA1798E47}"
EndProject
Global
	GlobalSection(SolutionConfigurationPlatforms) = preSolution
		Debug|Any CPU = Debug|Any CPU
		Release|Any CPU = Release|Any CPU
	EndGlobalSection
	GlobalSection(ProjectConfigurationPlatforms) = postSolution
		{874D2F3F-7A71-439B-BD6D-484D9DF0C913}.Debug|Any CPU.ActiveCfg = Debug|Any CPU
		{874D2F3F-7A71-439B-BD6D-484D9DF0C913}.Debug|Any CPU.Build.0 = Debug|Any CPU
		{874D2F3F-7A71-439B-BD6D-484D9DF0C913}.Release|Any CPU.ActiveCfg = Release|Any CPU
		{874D2F3F-7A71-439B-BD6D-484D9DF0C913}.Release|Any CPU.Build.0 = Release|Any CPU
		{0EAADE5F-76D1-46C9-8F42-917137369E15}.Debug|Any CPU.ActiveCfg = Debug|Any CPU
		{0EAADE5F-76D1-46C9-8F42-917137369E15}.Debug|Any CPU.Build.0 = Debug|Any CPU
		{0EAADE5F-76D1-46C9-8F42-917137369E15}.Release|Any CPU.ActiveCfg = Release|Any CPU
		{0EAADE5F-76D1-46C9-8F42-917137369E15}.Release|Any CPU.Build.0 = Release|Any CPU
		{EF59B46A-624E-41CE-BB1E-125CC1ED25B4}.Debug|Any CPU.ActiveCfg = Debug|Any CPU
		{EF59B46A-624E-41CE-BB1E-125CC1ED25B4}.Debug|Any CPU.Build.0 = Debug|Any CPU
		{EF59B46A-624E-41CE-BB1E-125CC1ED25B4}.Release|Any CPU.ActiveCfg = Release|Any CPU
		{EF59B46A-624E-41CE-BB1E-125CC1ED25B4}.Release|Any CPU.Build.0 = Release|Any CPU
		{27273B05-64D3-45B0-A3A6-7EC06937AD0E}.Debug|Any CPU.ActiveCfg = Debug|Any CPU
		{27273B05-64D3-45B0-A3A6-7EC06937AD0E}.Debug|Any CPU.Build.0 = Debug|Any CPU
		{27273B05-64D3-45B0-A3A6-7EC06937AD0E}.Release|Any CPU.ActiveCfg = Release|Any CPU
		{27273B05-64D3-45B0-A3A6-7EC06937AD0E}.Release|Any CPU.Build.0 = Release|Any CPU
		{FD1F9A6E-84C4-4391-B6B5-2CDB338CF054}.Debug|Any CPU.ActiveCfg = Debug|Any CPU
		{FD1F9A6E-84C4-4391-B6B5-2CDB338CF054}.Debug|Any CPU.Build.0 = Debug|Any CPU
		{FD1F9A6E-84C4-4391-B6B5-2CDB338CF054}.Release|Any CPU.ActiveCfg = Release|Any CPU
		{FD1F9A6E-84C4-4391-B6B5-2CDB338CF054}.Release|Any CPU.Build.0 = Release|Any CPU
		{F673975B-C9DE-43F2-9EB5-3C512B157D7D}.Debug|Any CPU.ActiveCfg = Debug|Any CPU
		{F673975B-C9DE-43F2-9EB5-3C512B157D7D}.Debug|Any CPU.Build.0 = Debug|Any CPU
		{F673975B-C9DE-43F2-9EB5-3C512B157D7D}.Release|Any CPU.ActiveCfg = Release|Any CPU
		{F673975B-C9DE-43F2-9EB5-3C512B157D7D}.Release|Any CPU.Build.0 = Release|Any CPU
		{3CFBC064-D07E-490A-85E5-CA1AA1798E47}.Debug|Any CPU.ActiveCfg = Debug|Any CPU
		{3CFBC064-D07E-490A-85E5-CA1AA1798E47}.Debug|Any CPU.Build.0 = Debug|Any CPU
		{3CFBC064-D07E-490A-85E5-CA1AA1798E47}.Release|Any CPU.ActiveCfg = Release|Any CPU
		{3CFBC064-D07E-490A-85E5-CA1AA1798E47}.Release|Any CPU.Build.0 = Release|Any CPU
	EndGlobalSection
	GlobalSection(SolutionProperties) = preSolution
		HideSolutionNode = FALSE
	EndGlobalSection
	GlobalSection(NestedProjects) = preSolution
		{874D2F3F-7A71-439B-BD6D-484D9DF0C913} = {BEBBAF43-0C5A-4647-8631-D06C0586AD47}
		{0EAADE5F-76D1-46C9-8F42-917137369E15} = {BEBBAF43-0C5A-4647-8631-D06C0586AD47}
		{EF59B46A-624E-41CE-BB1E-125CC1ED25B4} = {BEBBAF43-0C5A-4647-8631-D06C0586AD47}
		{27273B05-64D3-45B0-A3A6-7EC06937AD0E} = {BEBBAF43-0C5A-4647-8631-D06C0586AD47}
		{FD1F9A6E-84C4-4391-B6B5-2CDB338CF054} = {BEBBAF43-0C5A-4647-8631-D06C0586AD47}
		{F673975B-C9DE-43F2-9EB5-3C512B157D7D} = {BEBBAF43-0C5A-4647-8631-D06C0586AD47}
		{3CFBC064-D07E-490A-85E5-CA1AA1798E47} = {BEBBAF43-0C5A-4647-8631-D06C0586AD47}
	EndGlobalSection
	GlobalSection(ExtensibilityGlobals) = postSolution
		SolutionGuid = {ECDAAABD-343E-4198-806F-D85852180D85}
	EndGlobalSection
EndGlobal
